// !$*UTF8*$!
{
	archiveVersion = 1;
	classes = {
	};
	objectVersion = 45;
	objects = {

/* Begin PBXBuildFile section */
		8DC2EF530486A6940098B216 /* InfoPlist.strings in Resources */ = {isa = PBXBuildFile; fileRef = 089C1666FE841158C02AAC07 /* InfoPlist.strings */; };
		8DC2EF570486A6940098B216 /* Cocoa.framework in Frameworks */ = {isa = PBXBuildFile; fileRef = 1058C7B1FEA5585E11CA2CBB /* Cocoa.framework */; };
		DA02F4BF0FCA726900A06490 /* CCPCharacter.h in Headers */ = {isa = PBXBuildFile; fileRef = DA02F4BD0FCA726900A06490 /* CCPCharacter.h */; };
		DA02F4C00FCA726900A06490 /* CCPCharacter.m in Sources */ = {isa = PBXBuildFile; fileRef = DA02F4BE0FCA726900A06490 /* CCPCharacter.m */; };
		DA02F4CF0FCA796500A06490 /* doxygen.config in Resources */ = {isa = PBXBuildFile; fileRef = DA02F4CE0FCA796500A06490 /* doxygen.config */; };
		DA02F5150FCA83BA00A06490 /* eveapi.framework in Frameworks */ = {isa = PBXBuildFile; fileRef = 8DC2EF5B0486A6940098B216 /* eveapi.framework */; };
		DA02F52A0FCA84E600A06490 /* CCPAccountTest.m in Sources */ = {isa = PBXBuildFile; fileRef = DA02F5290FCA84E600A06490 /* CCPAccountTest.m */; };
		DA24D9670FD5033800E04994 /* CCPCharacterDelegate.h in Headers */ = {isa = PBXBuildFile; fileRef = DA24D9650FD5033800E04994 /* CCPCharacterDelegate.h */; };
		DA24D9680FD5033800E04994 /* CCPCharacterDelegate.m in Sources */ = {isa = PBXBuildFile; fileRef = DA24D9660FD5033800E04994 /* CCPCharacterDelegate.m */; };
		DA24D96D0FD504A400E04994 /* CCPCharacterResultDelegate.h in Headers */ = {isa = PBXBuildFile; fileRef = DA24D96B0FD504A400E04994 /* CCPCharacterResultDelegate.h */; };
		DA24D96E0FD504A400E04994 /* CCPCharacterResultDelegate.m in Sources */ = {isa = PBXBuildFile; fileRef = DA24D96C0FD504A400E04994 /* CCPCharacterResultDelegate.m */; };
		DA4FC6C40FCFC5CA00335715 /* testAcct in Resources */ = {isa = PBXBuildFile; fileRef = DA4FC6C30FCFC5CA00335715 /* testAcct */; };
		DA6D1DF90FD263CE007E642C /* TestInfoGetter.m in Sources */ = {isa = PBXBuildFile; fileRef = DA6D1DF80FD263CE007E642C /* TestInfoGetter.m */; };
		DAB82A9B0FC69BA300F67345 /* CCPAccount.h in Headers */ = {isa = PBXBuildFile; fileRef = DAB82A990FC69BA300F67345 /* CCPAccount.h */; };
		DAB82A9C0FC69BA300F67345 /* CCPAccount.m in Sources */ = {isa = PBXBuildFile; fileRef = DAB82A9A0FC69BA300F67345 /* CCPAccount.m */; };
/* End PBXBuildFile section */

/* Begin PBXContainerItemProxy section */
		DA4FC67B0FCF86EE00335715 /* PBXContainerItemProxy */ = {
			isa = PBXContainerItemProxy;
			containerPortal = 0867D690FE84028FC02AAC07 /* Project object */;
			proxyType = 1;
			remoteGlobalIDString = 8DC2EF4F0486A6940098B216;
			remoteInfo = eveapi;
		};
/* End PBXContainerItemProxy section */

/* Begin PBXFileReference section */
		0867D69BFE84028FC02AAC07 /* Foundation.framework */ = {isa = PBXFileReference; lastKnownFileType = wrapper.framework; name = Foundation.framework; path = /System/Library/Frameworks/Foundation.framework; sourceTree = "<absolute>"; };
		0867D6A5FE840307C02AAC07 /* AppKit.framework */ = {isa = PBXFileReference; lastKnownFileType = wrapper.framework; name = AppKit.framework; path = /System/Library/Frameworks/AppKit.framework; sourceTree = "<absolute>"; };
		089C1667FE841158C02AAC07 /* English */ = {isa = PBXFileReference; fileEncoding = 10; lastKnownFileType = text.plist.strings; name = English; path = English.lproj/InfoPlist.strings; sourceTree = "<group>"; };
		1058C7B1FEA5585E11CA2CBB /* Cocoa.framework */ = {isa = PBXFileReference; lastKnownFileType = wrapper.framework; name = Cocoa.framework; path = /System/Library/Frameworks/Cocoa.framework; sourceTree = "<absolute>"; };
		32DBCF5E0370ADEE00C91783 /* eveapi_Prefix.pch */ = {isa = PBXFileReference; fileEncoding = 4; lastKnownFileType = sourcecode.c.h; path = eveapi_Prefix.pch; sourceTree = "<group>"; };
		8DC2EF5A0486A6940098B216 /* Info.plist */ = {isa = PBXFileReference; fileEncoding = 4; lastKnownFileType = text.plist.xml; path = Info.plist; sourceTree = "<group>"; };
		8DC2EF5B0486A6940098B216 /* eveapi.framework */ = {isa = PBXFileReference; explicitFileType = wrapper.framework; includeInIndex = 0; path = eveapi.framework; sourceTree = BUILT_PRODUCTS_DIR; };
		D2F7E79907B2D74100F64583 /* CoreData.framework */ = {isa = PBXFileReference; lastKnownFileType = wrapper.framework; name = CoreData.framework; path = /System/Library/Frameworks/CoreData.framework; sourceTree = "<absolute>"; };
		DA02F4BD0FCA726900A06490 /* CCPCharacter.h */ = {isa = PBXFileReference; fileEncoding = 4; lastKnownFileType = sourcecode.c.h; name = CCPCharacter.h; path = src/com.eveonline.api/CCPCharacter.h; sourceTree = "<group>"; };
		DA02F4BE0FCA726900A06490 /* CCPCharacter.m */ = {isa = PBXFileReference; fileEncoding = 4; lastKnownFileType = sourcecode.c.objc; name = CCPCharacter.m; path = src/com.eveonline.api/CCPCharacter.m; sourceTree = "<group>"; };
		DA02F4CE0FCA796500A06490 /* doxygen.config */ = {isa = PBXFileReference; fileEncoding = 4; lastKnownFileType = text; path = doxygen.config; sourceTree = "<group>"; };
		DA02F50E0FCA83A900A06490 /* unittests.octest */ = {isa = PBXFileReference; explicitFileType = wrapper.cfbundle; includeInIndex = 0; path = unittests.octest; sourceTree = BUILT_PRODUCTS_DIR; };
		DA02F50F0FCA83A900A06490 /* unittests-Info.plist */ = {isa = PBXFileReference; lastKnownFileType = text.plist.xml; path = "unittests-Info.plist"; sourceTree = "<group>"; };
		DA02F5280FCA84E600A06490 /* CCPAccountTest.h */ = {isa = PBXFileReference; fileEncoding = 4; lastKnownFileType = sourcecode.c.h; name = CCPAccountTest.h; path = src/test/CCPAccountTest.h; sourceTree = "<group>"; };
		DA02F5290FCA84E600A06490 /* CCPAccountTest.m */ = {isa = PBXFileReference; fileEncoding = 4; lastKnownFileType = sourcecode.c.objc; name = CCPAccountTest.m; path = src/test/CCPAccountTest.m; sourceTree = "<group>"; };
		DA24D9650FD5033800E04994 /* CCPCharacterDelegate.h */ = {isa = PBXFileReference; fileEncoding = 4; lastKnownFileType = sourcecode.c.h; name = CCPCharacterDelegate.h; path = src/com.eveonline.api/CCPCharacterDelegate.h; sourceTree = "<group>"; };
		DA24D9660FD5033800E04994 /* CCPCharacterDelegate.m */ = {isa = PBXFileReference; fileEncoding = 4; lastKnownFileType = sourcecode.c.objc; name = CCPCharacterDelegate.m; path = src/com.eveonline.api/CCPCharacterDelegate.m; sourceTree = "<group>"; };
		DA24D96B0FD504A400E04994 /* CCPCharacterResultDelegate.h */ = {isa = PBXFileReference; fileEncoding = 4; lastKnownFileType = sourcecode.c.h; name = CCPCharacterResultDelegate.h; path = src/com.eveonline.api/CCPCharacterResultDelegate.h; sourceTree = "<group>"; };
		DA24D96C0FD504A400E04994 /* CCPCharacterResultDelegate.m */ = {isa = PBXFileReference; fileEncoding = 4; lastKnownFileType = sourcecode.c.objc; name = CCPCharacterResultDelegate.m; path = src/com.eveonline.api/CCPCharacterResultDelegate.m; sourceTree = "<group>"; };
		DA4FC6C30FCFC5CA00335715 /* testAcct */ = {isa = PBXFileReference; fileEncoding = 4; lastKnownFileType = text; path = testAcct; sourceTree = "<group>"; };
		DA4FC6C90FCFCF8B00335715 /* testAcct.example */ = {isa = PBXFileReference; fileEncoding = 4; lastKnownFileType = text; path = testAcct.example; sourceTree = "<group>"; };
		DA6D1DF70FD263CE007E642C /* TestInfoGetter.h */ = {isa = PBXFileReference; fileEncoding = 4; lastKnownFileType = sourcecode.c.h; name = TestInfoGetter.h; path = src/test/TestInfoGetter.h; sourceTree = "<group>"; };
		DA6D1DF80FD263CE007E642C /* TestInfoGetter.m */ = {isa = PBXFileReference; fileEncoding = 4; lastKnownFileType = sourcecode.c.objc; name = TestInfoGetter.m; path = src/test/TestInfoGetter.m; sourceTree = "<group>"; };
		DAB82A990FC69BA300F67345 /* CCPAccount.h */ = {isa = PBXFileReference; fileEncoding = 4; lastKnownFileType = sourcecode.c.h; name = CCPAccount.h; path = src/com.eveonline.api/CCPAccount.h; sourceTree = "<group>"; };
		DAB82A9A0FC69BA300F67345 /* CCPAccount.m */ = {isa = PBXFileReference; fileEncoding = 4; lastKnownFileType = sourcecode.c.objc; name = CCPAccount.m; path = src/com.eveonline.api/CCPAccount.m; sourceTree = "<group>"; };
/* End PBXFileReference section */

/* Begin PBXFrameworksBuildPhase section */
		8DC2EF560486A6940098B216 /* Frameworks */ = {
			isa = PBXFrameworksBuildPhase;
			buildActionMask = 2147483647;
			files = (
				8DC2EF570486A6940098B216 /* Cocoa.framework in Frameworks */,
			);
			runOnlyForDeploymentPostprocessing = 0;
		};
		DA02F50B0FCA83A900A06490 /* Frameworks */ = {
			isa = PBXFrameworksBuildPhase;
			buildActionMask = 2147483647;
			files = (
				DA02F5150FCA83BA00A06490 /* eveapi.framework in Frameworks */,
			);
			runOnlyForDeploymentPostprocessing = 0;
		};
/* End PBXFrameworksBuildPhase section */

/* Begin PBXGroup section */
		034768DFFF38A50411DB9C8B /* Products */ = {
			isa = PBXGroup;
			children = (
				8DC2EF5B0486A6940098B216 /* eveapi.framework */,
				DA02F50E0FCA83A900A06490 /* unittests.octest */,
			);
			name = Products;
			sourceTree = "<group>";
		};
		0867D691FE84028FC02AAC07 /* eveapi */ = {
			isa = PBXGroup;
			children = (
				08FB77AEFE84172EC02AAC07 /* Classes */,
				DA02F52E0FCA84FD00A06490 /* Test Cases */,
				32C88DFF0371C24200C91783 /* Other Sources */,
				089C1665FE841158C02AAC07 /* Resources */,
				0867D69AFE84028FC02AAC07 /* External Frameworks and Libraries */,
				034768DFFF38A50411DB9C8B /* Products */,
			);
			name = eveapi;
			sourceTree = "<group>";
		};
		0867D69AFE84028FC02AAC07 /* External Frameworks and Libraries */ = {
			isa = PBXGroup;
			children = (
				1058C7B0FEA5585E11CA2CBB /* Linked Frameworks */,
				1058C7B2FEA5585E11CA2CBB /* Other Frameworks */,
			);
			name = "External Frameworks and Libraries";
			sourceTree = "<group>";
		};
		089C1665FE841158C02AAC07 /* Resources */ = {
			isa = PBXGroup;
			children = (
				DA4FC6C90FCFCF8B00335715 /* testAcct.example */,
				DA4FC6C30FCFC5CA00335715 /* testAcct */,
				8DC2EF5A0486A6940098B216 /* Info.plist */,
				089C1666FE841158C02AAC07 /* InfoPlist.strings */,
				DA02F50F0FCA83A900A06490 /* unittests-Info.plist */,
				DA02F4CE0FCA796500A06490 /* doxygen.config */,
			);
			name = Resources;
			sourceTree = "<group>";
		};
		08FB77AEFE84172EC02AAC07 /* Classes */ = {
			isa = PBXGroup;
			children = (
				DAB82A990FC69BA300F67345 /* CCPAccount.h */,
				DAB82A9A0FC69BA300F67345 /* CCPAccount.m */,
				DA02F4BD0FCA726900A06490 /* CCPCharacter.h */,
				DA02F4BE0FCA726900A06490 /* CCPCharacter.m */,
				DA24D96F0FD504AB00E04994 /* Delegates */,
			);
			name = Classes;
			sourceTree = "<group>";
		};
		1058C7B0FEA5585E11CA2CBB /* Linked Frameworks */ = {
			isa = PBXGroup;
			children = (
				1058C7B1FEA5585E11CA2CBB /* Cocoa.framework */,
			);
			name = "Linked Frameworks";
			sourceTree = "<group>";
		};
		1058C7B2FEA5585E11CA2CBB /* Other Frameworks */ = {
			isa = PBXGroup;
			children = (
				0867D6A5FE840307C02AAC07 /* AppKit.framework */,
				D2F7E79907B2D74100F64583 /* CoreData.framework */,
				0867D69BFE84028FC02AAC07 /* Foundation.framework */,
			);
			name = "Other Frameworks";
			sourceTree = "<group>";
		};
		32C88DFF0371C24200C91783 /* Other Sources */ = {
			isa = PBXGroup;
			children = (
				32DBCF5E0370ADEE00C91783 /* eveapi_Prefix.pch */,
			);
			name = "Other Sources";
			sourceTree = "<group>";
		};
		DA02F52E0FCA84FD00A06490 /* Test Cases */ = {
			isa = PBXGroup;
			children = (
				DA02F5280FCA84E600A06490 /* CCPAccountTest.h */,
				DA02F5290FCA84E600A06490 /* CCPAccountTest.m */,
				DA6D1DF70FD263CE007E642C /* TestInfoGetter.h */,
				DA6D1DF80FD263CE007E642C /* TestInfoGetter.m */,
			);
			name = "Test Cases";
			sourceTree = "<group>";
		};
		DA24D96F0FD504AB00E04994 /* Delegates */ = {
			isa = PBXGroup;
			children = (
				DA24D9650FD5033800E04994 /* CCPCharacterDelegate.h */,
				DA24D9660FD5033800E04994 /* CCPCharacterDelegate.m */,
				DA24D96B0FD504A400E04994 /* CCPCharacterResultDelegate.h */,
				DA24D96C0FD504A400E04994 /* CCPCharacterResultDelegate.m */,
			);
			name = Delegates;
			sourceTree = "<group>";
		};
/* End PBXGroup section */

/* Begin PBXHeadersBuildPhase section */
		8DC2EF500486A6940098B216 /* Headers */ = {
			isa = PBXHeadersBuildPhase;
			buildActionMask = 2147483647;
			files = (
				DAB82A9B0FC69BA300F67345 /* CCPAccount.h in Headers */,
				DA02F4BF0FCA726900A06490 /* CCPCharacter.h in Headers */,
				DA24D9670FD5033800E04994 /* CCPCharacterDelegate.h in Headers */,
				DA24D96D0FD504A400E04994 /* CCPCharacterResultDelegate.h in Headers */,
			);
			runOnlyForDeploymentPostprocessing = 0;
		};
/* End PBXHeadersBuildPhase section */

/* Begin PBXNativeTarget section */
		8DC2EF4F0486A6940098B216 /* eveapi */ = {
			isa = PBXNativeTarget;
			buildConfigurationList = 1DEB91AD08733DA50010E9CD /* Build configuration list for PBXNativeTarget "eveapi" */;
			buildPhases = (
				8DC2EF500486A6940098B216 /* Headers */,
				8DC2EF520486A6940098B216 /* Resources */,
				8DC2EF540486A6940098B216 /* Sources */,
				8DC2EF560486A6940098B216 /* Frameworks */,
				DA02F4C20FCA793D00A06490 /* ShellScript */,
			);
			buildRules = (
			);
			dependencies = (
			);
			name = eveapi;
			productInstallPath = "$(HOME)/Library/Frameworks";
			productName = eveapi;
			productReference = 8DC2EF5B0486A6940098B216 /* eveapi.framework */;
			productType = "com.apple.product-type.framework";
		};
		DA02F50D0FCA83A900A06490 /* unittests */ = {
			isa = PBXNativeTarget;
			buildConfigurationList = DA02F5120FCA83AA00A06490 /* Build configuration list for PBXNativeTarget "unittests" */;
			buildPhases = (
				DA02F5090FCA83A900A06490 /* Resources */,
				DA02F50A0FCA83A900A06490 /* Sources */,
				DA02F50B0FCA83A900A06490 /* Frameworks */,
				DA02F50C0FCA83A900A06490 /* ShellScript */,
			);
			buildRules = (
			);
			dependencies = (
				DA4FC67C0FCF86EE00335715 /* PBXTargetDependency */,
			);
			name = unittests;
			productName = unittests;
			productReference = DA02F50E0FCA83A900A06490 /* unittests.octest */;
			productType = "com.apple.product-type.bundle";
		};
/* End PBXNativeTarget section */

/* Begin PBXProject section */
		0867D690FE84028FC02AAC07 /* Project object */ = {
			isa = PBXProject;
			buildConfigurationList = 1DEB91B108733DA50010E9CD /* Build configuration list for PBXProject "eveapi" */;
			compatibilityVersion = "Xcode 3.1";
			hasScannedForEncodings = 1;
			mainGroup = 0867D691FE84028FC02AAC07 /* eveapi */;
			productRefGroup = 034768DFFF38A50411DB9C8B /* Products */;
			projectDirPath = "";
			projectRoot = "";
			targets = (
				8DC2EF4F0486A6940098B216 /* eveapi */,
				DA02F50D0FCA83A900A06490 /* unittests */,
			);
		};
/* End PBXProject section */

/* Begin PBXResourcesBuildPhase section */
		8DC2EF520486A6940098B216 /* Resources */ = {
			isa = PBXResourcesBuildPhase;
			buildActionMask = 2147483647;
			files = (
				8DC2EF530486A6940098B216 /* InfoPlist.strings in Resources */,
				DA02F4CF0FCA796500A06490 /* doxygen.config in Resources */,
			);
			runOnlyForDeploymentPostprocessing = 0;
		};
		DA02F5090FCA83A900A06490 /* Resources */ = {
			isa = PBXResourcesBuildPhase;
			buildActionMask = 2147483647;
			files = (
				DA4FC6C40FCFC5CA00335715 /* testAcct in Resources */,
			);
			runOnlyForDeploymentPostprocessing = 0;
		};
/* End PBXResourcesBuildPhase section */

/* Begin PBXShellScriptBuildPhase section */
		DA02F4C20FCA793D00A06490 /* ShellScript */ = {
			isa = PBXShellScriptBuildPhase;
			buildActionMask = 2147483647;
			files = (
			);
			inputPaths = (
			);
			outputPaths = (
			);
			runOnlyForDeploymentPostprocessing = 0;
			shellPath = /bin/sh;
			shellScript = "#  Build the doxygen documentation for the project and load the docset into Xcode.\n\n#  Use the following to adjust the value of the $DOXYGEN_PATH User-Defined Setting:\n#    Binary install location: /Applications/Doxygen.app/Contents/Resources/doxygen\n#    Source build install location: /usr/local/bin/doxygen\n\n#  If the config file doesn't exist, run 'doxygen -g $SOURCE_ROOT/doxygen.config' to\n#   a get default file.\n\nif ! [ -f $SOURCE_ROOT/doxygen.config ]\nthen\n  echo doxygen config file does not exist\n  $DOXYGEN_PATH -g $SOURCE_ROOT/doxygen.config\nfi\n\n#  Append the proper input/output directories and docset info to the config file.\n#  This works even though values are assigned higher up in the file. Easier than sed.\n\ncp $SOURCE_ROOT/doxygen.config $TEMP_DIR/doxygen.config\n\necho \"INPUT = $SOURCE_ROOT/src/com.eveonline.api\" >> $TEMP_DIR/doxygen.config\necho \"OUTPUT_DIRECTORY = $SOURCE_ROOT/Docs\" >> $TEMP_DIR/doxygen.config\necho \"GENERATE_DOCSET        = YES\" >> $TEMP_DIR/doxygen.config\necho \"DOCSET_BUNDLE_ID       = com.eveonline.api\" >> $TEMP_DIR/doxygen.config\n\n#  Run doxygen on the updated config file.\n#  Note: doxygen creates a Makefile that does most of the heavy lifting.\n\n$DOXYGEN_PATH $TEMP_DIR/doxygen.config\n\n#  make will invoke docsetutil. Take a look at the Makefile to see how this is done.\n\nmake -C $SOURCE_ROOT/Docs/html install\n\n#  Construct a temporary applescript file to tell Xcode to load a docset.\n\nrm -f $TEMP_DIR/loadDocSet.scpt\n\necho \"tell application \\\"Xcode\\\"\" >> $TEMP_DIR/loadDocSet.scpt\necho \"load documentation set with path \\\"/Users/$USER/Library/Developer/Shared/Documentation/DocSets/\\\"\"\n     >> $TEMP_DIR/loadDocSet.scpt\necho \"end tell\" >> $TEMP_DIR/loadDocSet.scpt\n\n#  Run the load-docset applescript command.\n\nosascript $TEMP_DIR/loadDocSet.scpt\n\nexit 0";
		};
		DA02F50C0FCA83A900A06490 /* ShellScript */ = {
			isa = PBXShellScriptBuildPhase;
			buildActionMask = 2147483647;
			files = (
			);
			inputPaths = (
			);
			outputPaths = (
			);
			runOnlyForDeploymentPostprocessing = 0;
			shellPath = /bin/sh;
			shellScript = "# Run the unit tests in this test bundle.\n\"${SYSTEM_DEVELOPER_DIR}/Tools/RunUnitTests\"\n";
		};
/* End PBXShellScriptBuildPhase section */

/* Begin PBXSourcesBuildPhase section */
		8DC2EF540486A6940098B216 /* Sources */ = {
			isa = PBXSourcesBuildPhase;
			buildActionMask = 2147483647;
			files = (
				DAB82A9C0FC69BA300F67345 /* CCPAccount.m in Sources */,
				DA02F4C00FCA726900A06490 /* CCPCharacter.m in Sources */,
				DA24D9680FD5033800E04994 /* CCPCharacterDelegate.m in Sources */,
				DA24D96E0FD504A400E04994 /* CCPCharacterResultDelegate.m in Sources */,
			);
			runOnlyForDeploymentPostprocessing = 0;
		};
		DA02F50A0FCA83A900A06490 /* Sources */ = {
			isa = PBXSourcesBuildPhase;
			buildActionMask = 2147483647;
			files = (
				DA02F52A0FCA84E600A06490 /* CCPAccountTest.m in Sources */,
				DA6D1DF90FD263CE007E642C /* TestInfoGetter.m in Sources */,
			);
			runOnlyForDeploymentPostprocessing = 0;
		};
/* End PBXSourcesBuildPhase section */

/* Begin PBXTargetDependency section */
		DA4FC67C0FCF86EE00335715 /* PBXTargetDependency */ = {
			isa = PBXTargetDependency;
			target = 8DC2EF4F0486A6940098B216 /* eveapi */;
			targetProxy = DA4FC67B0FCF86EE00335715 /* PBXContainerItemProxy */;
		};
/* End PBXTargetDependency section */

/* Begin PBXVariantGroup section */
		089C1666FE841158C02AAC07 /* InfoPlist.strings */ = {
			isa = PBXVariantGroup;
			children = (
				089C1667FE841158C02AAC07 /* English */,
			);
			name = InfoPlist.strings;
			sourceTree = "<group>";
		};
/* End PBXVariantGroup section */

/* Begin XCBuildConfiguration section */
		1DEB91AE08733DA50010E9CD /* Debug */ = {
			isa = XCBuildConfiguration;
			buildSettings = {
				ALWAYS_SEARCH_USER_PATHS = NO;
				COPY_PHASE_STRIP = NO;
				DOXYGEN_PATH = /Applications/Doxygen.app/contents/resources/doxygen;
				DYLIB_COMPATIBILITY_VERSION = 1;
				DYLIB_CURRENT_VERSION = 1;
				FRAMEWORK_VERSION = A;
				GCC_DYNAMIC_NO_PIC = NO;
				GCC_ENABLE_FIX_AND_CONTINUE = YES;
				GCC_MODEL_TUNING = G5;
				GCC_OPTIMIZATION_LEVEL = 0;
				GCC_PRECOMPILE_PREFIX_HEADER = YES;
				GCC_PREFIX_HEADER = eveapi_Prefix.pch;
				INFOPLIST_FILE = Info.plist;
				INSTALL_PATH = "$(HOME)/Library/Frameworks";
				PRODUCT_NAME = eveapi;
				WRAPPER_EXTENSION = framework;
			};
			name = Debug;
		};
		1DEB91AF08733DA50010E9CD /* Release */ = {
			isa = XCBuildConfiguration;
			buildSettings = {
				ALWAYS_SEARCH_USER_PATHS = NO;
				DEBUG_INFORMATION_FORMAT = "dwarf-with-dsym";
				DOXYGEN_PATH = /Applications/Doxygen.app/contents/resources/doxygen;
				DYLIB_COMPATIBILITY_VERSION = 1;
				DYLIB_CURRENT_VERSION = 1;
				FRAMEWORK_VERSION = A;
				GCC_MODEL_TUNING = G5;
				GCC_PRECOMPILE_PREFIX_HEADER = YES;
				GCC_PREFIX_HEADER = eveapi_Prefix.pch;
				INFOPLIST_FILE = Info.plist;
				INSTALL_PATH = "$(HOME)/Library/Frameworks";
				PRODUCT_NAME = eveapi;
				WRAPPER_EXTENSION = framework;
			};
			name = Release;
		};
		1DEB91B208733DA50010E9CD /* Debug */ = {
			isa = XCBuildConfiguration;
			buildSettings = {
				ARCHS = "$(ARCHS_STANDARD_32_BIT)";
				GCC_C_LANGUAGE_STANDARD = c99;
				GCC_OPTIMIZATION_LEVEL = 0;
				GCC_WARN_ABOUT_RETURN_TYPE = YES;
				GCC_WARN_UNUSED_VARIABLE = YES;
				ONLY_ACTIVE_ARCH = YES;
				PREBINDING = NO;
				SDKROOT = macosx10.5;
			};
			name = Debug;
		};
		1DEB91B308733DA50010E9CD /* Release */ = {
			isa = XCBuildConfiguration;
			buildSettings = {
				ARCHS = "$(ARCHS_STANDARD_32_BIT)";
				GCC_C_LANGUAGE_STANDARD = c99;
				GCC_WARN_ABOUT_RETURN_TYPE = YES;
				GCC_WARN_UNUSED_VARIABLE = YES;
				PREBINDING = NO;
				SDKROOT = macosx10.5;
			};
			name = Release;
		};
		DA02F5100FCA83AA00A06490 /* Debug */ = {
			isa = XCBuildConfiguration;
			buildSettings = {
				ALWAYS_SEARCH_USER_PATHS = NO;
				COPY_PHASE_STRIP = NO;
				FRAMEWORK_SEARCH_PATHS = "$(DEVELOPER_LIBRARY_DIR)/Frameworks";
				GCC_DYNAMIC_NO_PIC = NO;
				GCC_ENABLE_FIX_AND_CONTINUE = NO;
				GCC_ENABLE_OBJC_EXCEPTIONS = YES;
				GCC_MODEL_TUNING = G5;
				GCC_OPTIMIZATION_LEVEL = 0;
				GCC_PRECOMPILE_PREFIX_HEADER = YES;
				GCC_PREFIX_HEADER = "$(SYSTEM_LIBRARY_DIR)/Frameworks/Cocoa.framework/Headers/Cocoa.h";
				INFOPLIST_FILE = "unittests-Info.plist";
				INSTALL_PATH = "$(USER_LIBRARY_DIR)/Bundles";
				OTHER_LDFLAGS = (
					"-framework",
					Cocoa,
					"-framework",
					SenTestingKit,
				);
				PREBINDING = NO;
				PRODUCT_NAME = unittests;
				WRAPPER_EXTENSION = octest;
			};
			name = Debug;
		};
		DA02F5110FCA83AA00A06490 /* Release */ = {
			isa = XCBuildConfiguration;
			buildSettings = {
				ALWAYS_SEARCH_USER_PATHS = NO;
				COPY_PHASE_STRIP = YES;
				DEBUG_INFORMATION_FORMAT = "dwarf-with-dsym";
				FRAMEWORK_SEARCH_PATHS = "$(DEVELOPER_LIBRARY_DIR)/Frameworks";
				GCC_ENABLE_FIX_AND_CONTINUE = NO;
				GCC_ENABLE_OBJC_EXCEPTIONS = YES;
				GCC_MODEL_TUNING = G5;
				GCC_PRECOMPILE_PREFIX_HEADER = YES;
				GCC_PREFIX_HEADER = "$(SYSTEM_LIBRARY_DIR)/Frameworks/Cocoa.framework/Headers/Cocoa.h";
				INFOPLIST_FILE = "unittests-Info.plist";
				INSTALL_PATH = "$(USER_LIBRARY_DIR)/Bundles";
				OTHER_LDFLAGS = (
					"-framework",
					Cocoa,
					"-framework",
					SenTestingKit,
				);
				PREBINDING = NO;
				PRODUCT_NAME = unittests;
				WRAPPER_EXTENSION = octest;
				ZERO_LINK = NO;
			};
			name = Release;
		};
/* End XCBuildConfiguration section */

/* Begin XCConfigurationList section */
		1DEB91AD08733DA50010E9CD /* Build configuration list for PBXNativeTarget "eveapi" */ = {
			isa = XCConfigurationList;
			buildConfigurations = (
				1DEB91AE08733DA50010E9CD /* Debug */,
				1DEB91AF08733DA50010E9CD /* Release */,
			);
			defaultConfigurationIsVisible = 0;
			defaultConfigurationName = Release;
		};
		1DEB91B108733DA50010E9CD /* Build configuration list for PBXProject "eveapi" */ = {
			isa = XCConfigurationList;
			buildConfigurations = (
				1DEB91B208733DA50010E9CD /* Debug */,
				1DEB91B308733DA50010E9CD /* Release */,
			);
			defaultConfigurationIsVisible = 0;
			defaultConfigurationName = Release;
		};
		DA02F5120FCA83AA00A06490 /* Build configuration list for PBXNativeTarget "unittests" */ = {
			isa = XCConfigurationList;
			buildConfigurations = (
				DA02F5100FCA83AA00A06490 /* Debug */,
				DA02F5110FCA83AA00A06490 /* Release */,
			);
			defaultConfigurationIsVisible = 0;
			defaultConfigurationName = Release;
		};
/* End XCConfigurationList section */
	};
	rootObject = 0867D690FE84028FC02AAC07 /* Project object */;
}
